
Microsoft Visual Studio Solution File, Format Version 12.00
Project("{FAE04EC0-301F-11D3-BF4B-00C04F79EFBC}") = "FnsChecksApi", "FnsChecksApi\FnsChecksApi.csproj", "{92B61538-D949-43A6-809E-33981F093F76}"
EndProject
Project("{FAE04EC0-301F-11D3-BF4B-00C04F79EFBC}") = "TestFns", "TestFns\TestFns.csproj", "{2391BA78-4BCE-4054-9308-314824A0AB19}"
EndProject
Project("{FAE04EC0-301F-11D3-BF4B-00C04F79EFBC}") = "Client", "Client\Client.csproj", "{8DD1D0DD-E20F-4F01-AFFB-7E223CE872AA}"
EndProject
Project("{FAE04EC0-301F-11D3-BF4B-00C04F79EFBC}") = "Api", "Api\Api.csproj", "{FAA594FB-922A-4E03-BC1E-A58F924E9A0A}"
EndProject
Project("{FAE04EC0-301F-11D3-BF4B-00C04F79EFBC}") = "AppHost", "AppHost\AppHost.csproj", "{4F61174D-926D-47D1-BE35-95D5FE85E748}"
EndProject
Project("{FAE04EC0-301F-11D3-BF4B-00C04F79EFBC}") = "DataBase", "DataBase\DataBase.csproj", "{03869DB1-6ADB-4CE6-91DB-2563D65B6395}"
EndProject
Project("{FAE04EC0-301F-11D3-BF4B-00C04F79EFBC}") = "MigrationService", "MigrationService\MigrationService.csproj", "{7A3C4921-43B7-4B85-A0D5-EB891A6EC90D}"
EndProject
Project("{FAE04EC0-301F-11D3-BF4B-00C04F79EFBC}") = "Core", "Core\Core.csproj", "{967DED93-6215-431B-9FBD-154D4E624FE6}"
EndProject
Project("{2150E333-8FDC-42A3-9474-1A3956D46DE8}") = "Solution Items", "Solution Items", "{0BF465AC-ECDE-4AFC-BA2B-8EB466C81281}"
	ProjectSection(SolutionItems) = preProject
		docker-compose.yaml = docker-compose.yaml
		proxy.conf = proxy.conf
		nginx.conf = nginx.conf
	EndProjectSection
EndProject
Project("{FAE04EC0-301F-11D3-BF4B-00C04F79EFBC}") = "BlazorShared", "BlazorShared\BlazorShared.csproj", "{DE45B88C-3F6B-4A4C-97AD-27F6ECAD969B}"
EndProject
Project("{FAE04EC0-301F-11D3-BF4B-00C04F79EFBC}") = "Maui", "Maui\Maui.csproj", "{A0A92BC4-8AE9-426B-AE7C-C682F26BBD3B}"
EndProject
Project("{FAE04EC0-301F-11D3-BF4B-00C04F79EFBC}") = "Authorization", "Authorization\Authorization.csproj", "{34ABE096-1D56-4849-9C75-C173F706823F}"
EndProject
Project("{FAE04EC0-301F-11D3-BF4B-00C04F79EFBC}") = "HomeAccountingTests", "HomeAccountingTests\HomeAccountingTests.csproj", "{BBD12B5C-1009-41C4-9828-D8FF8F8DD8D6}"
EndProject
Project("{2150E333-8FDC-42A3-9474-1A3956D46DE8}") = "Checks", "Checks", "{0DDAEF3F-EE2A-4277-AF34-BF5A5F121B57}"
EndProject
Global
	GlobalSection(SolutionConfigurationPlatforms) = preSolution
		Debug|Any CPU = Debug|Any CPU
		Release|Any CPU = Release|Any CPU
	EndGlobalSection
	GlobalSection(ProjectConfigurationPlatforms) = postSolution
		{92B61538-D949-43A6-809E-33981F093F76}.Debug|Any CPU.ActiveCfg = Debug|Any CPU
		{92B61538-D949-43A6-809E-33981F093F76}.Debug|Any CPU.Build.0 = Debug|Any CPU
		{92B61538-D949-43A6-809E-33981F093F76}.Release|Any CPU.ActiveCfg = Release|Any CPU
		{92B61538-D949-43A6-809E-33981F093F76}.Release|Any CPU.Build.0 = Release|Any CPU
		{2391BA78-4BCE-4054-9308-314824A0AB19}.Debug|Any CPU.ActiveCfg = Debug|Any CPU
		{2391BA78-4BCE-4054-9308-314824A0AB19}.Debug|Any CPU.Build.0 = Debug|Any CPU
		{2391BA78-4BCE-4054-9308-314824A0AB19}.Release|Any CPU.ActiveCfg = Release|Any CPU
		{2391BA78-4BCE-4054-9308-314824A0AB19}.Release|Any CPU.Build.0 = Release|Any CPU
		{8DD1D0DD-E20F-4F01-AFFB-7E223CE872AA}.Debug|Any CPU.ActiveCfg = Debug|Any CPU
		{8DD1D0DD-E20F-4F01-AFFB-7E223CE872AA}.Debug|Any CPU.Build.0 = Debug|Any CPU
		{8DD1D0DD-E20F-4F01-AFFB-7E223CE872AA}.Release|Any CPU.ActiveCfg = Release|Any CPU
		{8DD1D0DD-E20F-4F01-AFFB-7E223CE872AA}.Release|Any CPU.Build.0 = Release|Any CPU
		{FAA594FB-922A-4E03-BC1E-A58F924E9A0A}.Debug|Any CPU.ActiveCfg = Debug|Any CPU
		{FAA594FB-922A-4E03-BC1E-A58F924E9A0A}.Debug|Any CPU.Build.0 = Debug|Any CPU
		{FAA594FB-922A-4E03-BC1E-A58F924E9A0A}.Release|Any CPU.ActiveCfg = Release|Any CPU
		{FAA594FB-922A-4E03-BC1E-A58F924E9A0A}.Release|Any CPU.Build.0 = Release|Any CPU
		{4F61174D-926D-47D1-BE35-95D5FE85E748}.Debug|Any CPU.ActiveCfg = Debug|Any CPU
		{4F61174D-926D-47D1-BE35-95D5FE85E748}.Debug|Any CPU.Build.0 = Debug|Any CPU
		{4F61174D-926D-47D1-BE35-95D5FE85E748}.Release|Any CPU.ActiveCfg = Release|Any CPU
		{4F61174D-926D-47D1-BE35-95D5FE85E748}.Release|Any CPU.Build.0 = Release|Any CPU
		{03869DB1-6ADB-4CE6-91DB-2563D65B6395}.Debug|Any CPU.ActiveCfg = Debug|Any CPU
		{03869DB1-6ADB-4CE6-91DB-2563D65B6395}.Debug|Any CPU.Build.0 = Debug|Any CPU
		{03869DB1-6ADB-4CE6-91DB-2563D65B6395}.Release|Any CPU.ActiveCfg = Release|Any CPU
		{03869DB1-6ADB-4CE6-91DB-2563D65B6395}.Release|Any CPU.Build.0 = Release|Any CPU
		{7A3C4921-43B7-4B85-A0D5-EB891A6EC90D}.Debug|Any CPU.ActiveCfg = Debug|Any CPU
		{7A3C4921-43B7-4B85-A0D5-EB891A6EC90D}.Debug|Any CPU.Build.0 = Debug|Any CPU
		{7A3C4921-43B7-4B85-A0D5-EB891A6EC90D}.Release|Any CPU.ActiveCfg = Release|Any CPU
		{7A3C4921-43B7-4B85-A0D5-EB891A6EC90D}.Release|Any CPU.Build.0 = Release|Any CPU
		{967DED93-6215-431B-9FBD-154D4E624FE6}.Debug|Any CPU.ActiveCfg = Debug|Any CPU
		{967DED93-6215-431B-9FBD-154D4E624FE6}.Debug|Any CPU.Build.0 = Debug|Any CPU
		{967DED93-6215-431B-9FBD-154D4E624FE6}.Release|Any CPU.ActiveCfg = Release|Any CPU
		{967DED93-6215-431B-9FBD-154D4E624FE6}.Release|Any CPU.Build.0 = Release|Any CPU
		{DE45B88C-3F6B-4A4C-97AD-27F6ECAD969B}.Debug|Any CPU.ActiveCfg = Debug|Any CPU
		{DE45B88C-3F6B-4A4C-97AD-27F6ECAD969B}.Debug|Any CPU.Build.0 = Debug|Any CPU
		{DE45B88C-3F6B-4A4C-97AD-27F6ECAD969B}.Release|Any CPU.ActiveCfg = Release|Any CPU
		{DE45B88C-3F6B-4A4C-97AD-27F6ECAD969B}.Release|Any CPU.Build.0 = Release|Any CPU
		{A0A92BC4-8AE9-426B-AE7C-C682F26BBD3B}.Debug|Any CPU.ActiveCfg = Debug|Any CPU
		{A0A92BC4-8AE9-426B-AE7C-C682F26BBD3B}.Debug|Any CPU.Build.0 = Debug|Any CPU
		{A0A92BC4-8AE9-426B-AE7C-C682F26BBD3B}.Release|Any CPU.ActiveCfg = Release|Any CPU
		{A0A92BC4-8AE9-426B-AE7C-C682F26BBD3B}.Release|Any CPU.Build.0 = Release|Any CPU
		{34ABE096-1D56-4849-9C75-C173F706823F}.Debug|Any CPU.ActiveCfg = Debug|Any CPU
		{34ABE096-1D56-4849-9C75-C173F706823F}.Debug|Any CPU.Build.0 = Debug|Any CPU
		{34ABE096-1D56-4849-9C75-C173F706823F}.Release|Any CPU.ActiveCfg = Release|Any CPU
		{34ABE096-1D56-4849-9C75-C173F706823F}.Release|Any CPU.Build.0 = Release|Any CPU
		{BBD12B5C-1009-41C4-9828-D8FF8F8DD8D6}.Debug|Any CPU.ActiveCfg = Debug|Any CPU
		{BBD12B5C-1009-41C4-9828-D8FF8F8DD8D6}.Debug|Any CPU.Build.0 = Debug|Any CPU
		{BBD12B5C-1009-41C4-9828-D8FF8F8DD8D6}.Release|Any CPU.ActiveCfg = Release|Any CPU
		{BBD12B5C-1009-41C4-9828-D8FF8F8DD8D6}.Release|Any CPU.Build.0 = Release|Any CPU
	EndGlobalSection
EndGlobal
