
Microsoft Visual Studio Solution File, Format Version 12.00
Project("{FAE04EC0-301F-11D3-BF4B-00C04F79EFBC}") = "Client", "Client\Client.csproj", "{8DD1D0DD-E20F-4F01-AFFB-7E223CE872AA}"
EndProject
Project("{FAE04EC0-301F-11D3-BF4B-00C04F79EFBC}") = "AppHost", "AppHost\AppHost.csproj", "{4F61174D-926D-47D1-BE35-95D5FE85E748}"
EndProject
Project("{2150E333-8FDC-42A3-9474-1A3956D46DE8}") = "Solution Items", "Solution Items", "{0BF465AC-ECDE-4AFC-BA2B-8EB466C81281}"
	ProjectSection(SolutionItems) = preProject
		proxy.conf = proxy.conf
		nginx.conf = nginx.conf
		docker-compose.yaml = docker-compose.yaml
		.env = .env
		Directory.Build.props = Directory.Build.props
		Directory.Packages.props = Directory.Packages.props
		Readme.md = Readme.md
		Agents.md = Agents.md
		.gitignore = .gitignore
	EndProjectSection
EndProject
Project("{FAE04EC0-301F-11D3-BF4B-00C04F79EFBC}") = "BlazorConsolidated", "BlazorConsolidated\BlazorConsolidated.csproj", "{DE45B88C-3F6B-4A4C-97AD-27F6ECAD969B}"
EndProject
Project("{2150E333-8FDC-42A3-9474-1A3956D46DE8}") = "UI", "UI", "{7C9B53CC-D8E1-42F4-AFA8-8CFBF30D4680}"
EndProject
Project("{2150E333-8FDC-42A3-9474-1A3956D46DE8}") = "Aspire", "Aspire", "{D74C0A99-878F-4293-A590-76917F872F28}"
	ProjectSection(SolutionItems) = preProject
		Directory.Build.props = Directory.Build.props
	EndProjectSection
EndProject
Project("{FAE04EC0-301F-11D3-BF4B-00C04F79EFBC}") = "ServiceDefaults", "ServiceDefaults\ServiceDefaults.csproj", "{C7C24919-DDD8-4F83-BADE-022BF0DBDB15}"
EndProject
Project("{FAE04EC0-301F-11D3-BF4B-00C04F79EFBC}") = "HomeAccounting", "HomeAccounting\HomeAccounting.csproj", "{0C3A307D-D1F0-4845-8A40-155BC33885CE}"
EndProject
Project("{FAE04EC0-301F-11D3-BF4B-00C04F79EFBC}") = "ClientServerContracts", "ClientServerContracts\ClientServerContracts.csproj", "{F46C8062-4AD4-45C6-AD1F-F09180C3EC2A}"
EndProject
Project("{FAE04EC0-301F-11D3-BF4B-00C04F79EFBC}") = "ClientServerShared", "ClientServerShared\ClientServerShared.csproj", "{1955ECAD-D8B6-443B-AA5C-BE5CC0C70550}"
EndProject
Project("{FAE04EC0-301F-11D3-BF4B-00C04F79EFBC}") = "HomeAccounting.UnitTests", "HomeAccounting.UnitTests\HomeAccounting.UnitTests.csproj", "{0B13DFE9-54F0-464B-81BD-7FAC77D3BC90}"
EndProject
Project("{FAE04EC0-301F-11D3-BF4B-00C04F79EFBC}") = "ClientServerContracts.Api", "ClientServerContracts.Api\ClientServerContracts.Api.csproj", "{61A5156D-0FB7-478B-802E-AB2EA2150212}"
EndProject
Project("{FAE04EC0-301F-11D3-BF4B-00C04F79EFBC}") = "BlazorConsolidated.Tests", "BlazorConsolidated.Tests\BlazorConsolidated.Tests.csproj", "{89821762-7E8A-4296-93EE-BB2F571F3BD4}"
EndProject
Global
	GlobalSection(SolutionConfigurationPlatforms) = preSolution
		Debug|Any CPU = Debug|Any CPU
		Release|Any CPU = Release|Any CPU
	EndGlobalSection
	GlobalSection(ProjectConfigurationPlatforms) = postSolution
		{8DD1D0DD-E20F-4F01-AFFB-7E223CE872AA}.Debug|Any CPU.ActiveCfg = Debug|Any CPU
		{8DD1D0DD-E20F-4F01-AFFB-7E223CE872AA}.Debug|Any CPU.Build.0 = Debug|Any CPU
		{8DD1D0DD-E20F-4F01-AFFB-7E223CE872AA}.Release|Any CPU.ActiveCfg = Release|Any CPU
		{8DD1D0DD-E20F-4F01-AFFB-7E223CE872AA}.Release|Any CPU.Build.0 = Release|Any CPU
		{4F61174D-926D-47D1-BE35-95D5FE85E748}.Debug|Any CPU.ActiveCfg = Debug|Any CPU
		{4F61174D-926D-47D1-BE35-95D5FE85E748}.Debug|Any CPU.Build.0 = Debug|Any CPU
		{4F61174D-926D-47D1-BE35-95D5FE85E748}.Release|Any CPU.ActiveCfg = Release|Any CPU
		{4F61174D-926D-47D1-BE35-95D5FE85E748}.Release|Any CPU.Build.0 = Release|Any CPU
		{DE45B88C-3F6B-4A4C-97AD-27F6ECAD969B}.Debug|Any CPU.ActiveCfg = Debug|Any CPU
		{DE45B88C-3F6B-4A4C-97AD-27F6ECAD969B}.Debug|Any CPU.Build.0 = Debug|Any CPU
		{DE45B88C-3F6B-4A4C-97AD-27F6ECAD969B}.Release|Any CPU.ActiveCfg = Release|Any CPU
		{DE45B88C-3F6B-4A4C-97AD-27F6ECAD969B}.Release|Any CPU.Build.0 = Release|Any CPU
		{C7C24919-DDD8-4F83-BADE-022BF0DBDB15}.Debug|Any CPU.ActiveCfg = Debug|Any CPU
		{C7C24919-DDD8-4F83-BADE-022BF0DBDB15}.Debug|Any CPU.Build.0 = Debug|Any CPU
		{C7C24919-DDD8-4F83-BADE-022BF0DBDB15}.Release|Any CPU.ActiveCfg = Release|Any CPU
		{C7C24919-DDD8-4F83-BADE-022BF0DBDB15}.Release|Any CPU.Build.0 = Release|Any CPU
		{0C3A307D-D1F0-4845-8A40-155BC33885CE}.Debug|Any CPU.ActiveCfg = Debug|Any CPU
		{0C3A307D-D1F0-4845-8A40-155BC33885CE}.Debug|Any CPU.Build.0 = Debug|Any CPU
		{0C3A307D-D1F0-4845-8A40-155BC33885CE}.Release|Any CPU.ActiveCfg = Release|Any CPU
		{0C3A307D-D1F0-4845-8A40-155BC33885CE}.Release|Any CPU.Build.0 = Release|Any CPU
		{F46C8062-4AD4-45C6-AD1F-F09180C3EC2A}.Debug|Any CPU.ActiveCfg = Debug|Any CPU
		{F46C8062-4AD4-45C6-AD1F-F09180C3EC2A}.Debug|Any CPU.Build.0 = Debug|Any CPU
		{F46C8062-4AD4-45C6-AD1F-F09180C3EC2A}.Release|Any CPU.ActiveCfg = Release|Any CPU
		{F46C8062-4AD4-45C6-AD1F-F09180C3EC2A}.Release|Any CPU.Build.0 = Release|Any CPU
		{1955ECAD-D8B6-443B-AA5C-BE5CC0C70550}.Debug|Any CPU.ActiveCfg = Debug|Any CPU
		{1955ECAD-D8B6-443B-AA5C-BE5CC0C70550}.Debug|Any CPU.Build.0 = Debug|Any CPU
		{1955ECAD-D8B6-443B-AA5C-BE5CC0C70550}.Release|Any CPU.ActiveCfg = Release|Any CPU
		{1955ECAD-D8B6-443B-AA5C-BE5CC0C70550}.Release|Any CPU.Build.0 = Release|Any CPU
		{0B13DFE9-54F0-464B-81BD-7FAC77D3BC90}.Debug|Any CPU.ActiveCfg = Debug|Any CPU
		{0B13DFE9-54F0-464B-81BD-7FAC77D3BC90}.Debug|Any CPU.Build.0 = Debug|Any CPU
		{0B13DFE9-54F0-464B-81BD-7FAC77D3BC90}.Release|Any CPU.ActiveCfg = Release|Any CPU
		{0B13DFE9-54F0-464B-81BD-7FAC77D3BC90}.Release|Any CPU.Build.0 = Release|Any CPU
		{61A5156D-0FB7-478B-802E-AB2EA2150212}.Debug|Any CPU.ActiveCfg = Debug|Any CPU
		{61A5156D-0FB7-478B-802E-AB2EA2150212}.Debug|Any CPU.Build.0 = Debug|Any CPU
		{61A5156D-0FB7-478B-802E-AB2EA2150212}.Release|Any CPU.ActiveCfg = Release|Any CPU
		{61A5156D-0FB7-478B-802E-AB2EA2150212}.Release|Any CPU.Build.0 = Release|Any CPU
		{89821762-7E8A-4296-93EE-BB2F571F3BD4}.Debug|Any CPU.ActiveCfg = Debug|Any CPU
		{89821762-7E8A-4296-93EE-BB2F571F3BD4}.Debug|Any CPU.Build.0 = Debug|Any CPU
		{89821762-7E8A-4296-93EE-BB2F571F3BD4}.Release|Any CPU.ActiveCfg = Release|Any CPU
		{89821762-7E8A-4296-93EE-BB2F571F3BD4}.Release|Any CPU.Build.0 = Release|Any CPU
	EndGlobalSection
	GlobalSection(NestedProjects) = preSolution
		{8DD1D0DD-E20F-4F01-AFFB-7E223CE872AA} = {7C9B53CC-D8E1-42F4-AFA8-8CFBF30D4680}
		{DE45B88C-3F6B-4A4C-97AD-27F6ECAD969B} = {7C9B53CC-D8E1-42F4-AFA8-8CFBF30D4680}
		{4F61174D-926D-47D1-BE35-95D5FE85E748} = {D74C0A99-878F-4293-A590-76917F872F28}
		{C7C24919-DDD8-4F83-BADE-022BF0DBDB15} = {D74C0A99-878F-4293-A590-76917F872F28}
	EndGlobalSection
EndGlobal
