
Microsoft Visual Studio Solution File, Format Version 12.00
Project("{FAE04EC0-301F-11D3-BF4B-00C04F79EFBC}") = "Fns", "Fns\Fns.csproj", "{92B61538-D949-43A6-809E-33981F093F76}"
EndProject
Project("{FAE04EC0-301F-11D3-BF4B-00C04F79EFBC}") = "Client", "Client\Client.csproj", "{8DD1D0DD-E20F-4F01-AFFB-7E223CE872AA}"
EndProject
Project("{FAE04EC0-301F-11D3-BF4B-00C04F79EFBC}") = "Api", "Api\Api.csproj", "{FAA594FB-922A-4E03-BC1E-A58F924E9A0A}"
EndProject
Project("{FAE04EC0-301F-11D3-BF4B-00C04F79EFBC}") = "AppHost", "AppHost\AppHost.csproj", "{4F61174D-926D-47D1-BE35-95D5FE85E748}"
EndProject
Project("{FAE04EC0-301F-11D3-BF4B-00C04F79EFBC}") = "Checks.DataBase", "Checks.DataBase\Checks.DataBase.csproj", "{03869DB1-6ADB-4CE6-91DB-2563D65B6395}"
EndProject
Project("{FAE04EC0-301F-11D3-BF4B-00C04F79EFBC}") = "MigrationService", "MigrationService\MigrationService.csproj", "{7A3C4921-43B7-4B85-A0D5-EB891A6EC90D}"
EndProject
Project("{2150E333-8FDC-42A3-9474-1A3956D46DE8}") = "Solution Items", "Solution Items", "{0BF465AC-ECDE-4AFC-BA2B-8EB466C81281}"
	ProjectSection(SolutionItems) = preProject
		docker-compose.yaml = docker-compose.yaml
		proxy.conf = proxy.conf
		nginx.conf = nginx.conf
	EndProjectSection
EndProject
Project("{FAE04EC0-301F-11D3-BF4B-00C04F79EFBC}") = "BlazorShared", "BlazorShared\BlazorShared.csproj", "{DE45B88C-3F6B-4A4C-97AD-27F6ECAD969B}"
EndProject
Project("{FAE04EC0-301F-11D3-BF4B-00C04F79EFBC}") = "Maui", "Maui\Maui.csproj", "{A0A92BC4-8AE9-426B-AE7C-C682F26BBD3B}"
EndProject
Project("{FAE04EC0-301F-11D3-BF4B-00C04F79EFBC}") = "Authorization", "Authorization\Authorization.csproj", "{34ABE096-1D56-4849-9C75-C173F706823F}"
EndProject
Project("{2150E333-8FDC-42A3-9474-1A3956D46DE8}") = "Checks", "Checks", "{0DDAEF3F-EE2A-4277-AF34-BF5A5F121B57}"
EndProject
Project("{FAE04EC0-301F-11D3-BF4B-00C04F79EFBC}") = "Checks.Core", "Checks.Core\Checks.Core.csproj", "{F85C2AB1-BC60-4CD6-9B46-61E7CD87E15B}"
EndProject
Project("{FAE04EC0-301F-11D3-BF4B-00C04F79EFBC}") = "Checks", "Checks\Checks.csproj", "{7BE676B9-EADC-44AD-904E-5ED733D3B18A}"
EndProject
Project("{2150E333-8FDC-42A3-9474-1A3956D46DE8}") = "Shared", "Shared", "{DA538FD9-B3A5-4283-908C-5C94D04EC40F}"
EndProject
Project("{FAE04EC0-301F-11D3-BF4B-00C04F79EFBC}") = "Shared.Model", "Shared.Model\Shared.Model.csproj", "{47DD7278-3B58-496F-B282-C5CF478A2BFC}"
EndProject
Project("{FAE04EC0-301F-11D3-BF4B-00C04F79EFBC}") = "Shared.Infrastructure", "Shared.Infrastructure\Shared.Infrastructure.csproj", "{5EF9DCD3-F8AB-45D4-95EA-3472D8455460}"
EndProject
Project("{2150E333-8FDC-42A3-9474-1A3956D46DE8}") = "UI", "UI", "{7C9B53CC-D8E1-42F4-AFA8-8CFBF30D4680}"
EndProject
Project("{2150E333-8FDC-42A3-9474-1A3956D46DE8}") = "Authorization", "Authorization", "{C066E501-F29E-42FB-B3D5-A3FDCA9F7334}"
EndProject
Project("{FAE04EC0-301F-11D3-BF4B-00C04F79EFBC}") = "Checks.Contracts", "Checks.Contracts\Checks.Contracts.csproj", "{FC22D7AF-D3A3-460F-B81F-D39F3E646D08}"
EndProject
Project("{2150E333-8FDC-42A3-9474-1A3956D46DE8}") = "Fns", "Fns", "{4E5FBBB4-6E21-4BB5-A96F-AEBB91E2A53A}"
EndProject
Project("{FAE04EC0-301F-11D3-BF4B-00C04F79EFBC}") = "Fns.Contracts", "Fns.Contracts\Fns.Contracts.csproj", "{4082758C-4065-4EF5-9C7D-F5B49929180E}"
EndProject
Project("{2150E333-8FDC-42A3-9474-1A3956D46DE8}") = "Accounting", "Accounting", "{3E953E04-4892-4A65-8511-C2E2AD14E573}"
EndProject
Project("{2150E333-8FDC-42A3-9474-1A3956D46DE8}") = "Reports", "Reports", "{0B1F655C-79A5-4A4B-9F27-ADB2DDBA5C42}"
EndProject
Project("{FAE04EC0-301F-11D3-BF4B-00C04F79EFBC}") = "Authorization.Contracts", "Authorization.Contracts\Authorization.Contracts.csproj", "{E62AA4E9-8D53-481C-B974-6A044ABCA949}"
EndProject
Project("{FAE04EC0-301F-11D3-BF4B-00C04F79EFBC}") = "Reports.Api", "Reports.Api\Reports.Api.csproj", "{63A39C22-96A6-41FF-B2D7-8AE9D1E77608}"
EndProject
Project("{FAE04EC0-301F-11D3-BF4B-00C04F79EFBC}") = "Reports.Core", "Reports.Core\Reports.Core.csproj", "{B3BB3858-1FB5-4CB0-A483-068F8C3401E3}"
EndProject
Project("{FAE04EC0-301F-11D3-BF4B-00C04F79EFBC}") = "Reports.Contracts", "Reports.Contracts\Reports.Contracts.csproj", "{87AE9DD3-7EE8-450C-B706-A240FF402ADD}"
EndProject
Project("{FAE04EC0-301F-11D3-BF4B-00C04F79EFBC}") = "Accounting.Core", "Accounting.Core\Accounting.Core.csproj", "{9552C116-F994-477E-8A49-BC7B404772D4}"
EndProject
Project("{FAE04EC0-301F-11D3-BF4B-00C04F79EFBC}") = "Accounting.Contracts", "Accounting.Contracts\Accounting.Contracts.csproj", "{B1DC57FD-3961-4A03-9BC5-1F3B28CA319E}"
EndProject
Project("{FAE04EC0-301F-11D3-BF4B-00C04F79EFBC}") = "Accounting.Api", "Accounting.Api\Accounting.Api.csproj", "{9AF5DCDD-727C-4476-9EAF-7CD8B1132BC7}"
EndProject
Project("{2150E333-8FDC-42A3-9474-1A3956D46DE8}") = "Aspire", "Aspire", "{D74C0A99-878F-4293-A590-76917F872F28}"
EndProject
Project("{FAE04EC0-301F-11D3-BF4B-00C04F79EFBC}") = "ServiceDefaults", "ServiceDefaults\ServiceDefaults.csproj", "{C7C24919-DDD8-4F83-BADE-022BF0DBDB15}"
EndProject
Project("{FAE04EC0-301F-11D3-BF4B-00C04F79EFBC}") = "Shared.Utils", "Shared.Utils\Shared.Utils.csproj", "{E46F8747-1858-4905-8DBF-0BF19B4DFE4A}"
EndProject
Project("{FAE04EC0-301F-11D3-BF4B-00C04F79EFBC}") = "Gateway", "Gateway\Gateway.csproj", "{B57D41BA-42B2-4B56-9353-CE7E8437DB90}"
EndProject
Project("{FAE04EC0-301F-11D3-BF4B-00C04F79EFBC}") = "WebClient", "WebClient\WebClient\WebClient.csproj", "{67BDBF83-3CAA-4902-A476-0CD231193B8B}"
EndProject
Project("{FAE04EC0-301F-11D3-BF4B-00C04F79EFBC}") = "Shared.Web", "Shared.Web\Shared.Web.csproj", "{3FEEA541-D41F-4F16-BE28-0FDBCA207426}"
EndProject
Project("{FAE04EC0-301F-11D3-BF4B-00C04F79EFBC}") = "Checks.Tests", "Checks.Tests\Checks.Tests.csproj", "{30EC3BC9-D5AD-48EB-8FC8-43A561E2A7B1}"
EndProject
Global
	GlobalSection(SolutionConfigurationPlatforms) = preSolution
		Debug|Any CPU = Debug|Any CPU
		Release|Any CPU = Release|Any CPU
	EndGlobalSection
	GlobalSection(ProjectConfigurationPlatforms) = postSolution
		{92B61538-D949-43A6-809E-33981F093F76}.Debug|Any CPU.ActiveCfg = Debug|Any CPU
		{92B61538-D949-43A6-809E-33981F093F76}.Debug|Any CPU.Build.0 = Debug|Any CPU
		{92B61538-D949-43A6-809E-33981F093F76}.Release|Any CPU.ActiveCfg = Release|Any CPU
		{92B61538-D949-43A6-809E-33981F093F76}.Release|Any CPU.Build.0 = Release|Any CPU
		{8DD1D0DD-E20F-4F01-AFFB-7E223CE872AA}.Debug|Any CPU.ActiveCfg = Debug|Any CPU
		{8DD1D0DD-E20F-4F01-AFFB-7E223CE872AA}.Debug|Any CPU.Build.0 = Debug|Any CPU
		{8DD1D0DD-E20F-4F01-AFFB-7E223CE872AA}.Release|Any CPU.ActiveCfg = Release|Any CPU
		{8DD1D0DD-E20F-4F01-AFFB-7E223CE872AA}.Release|Any CPU.Build.0 = Release|Any CPU
		{FAA594FB-922A-4E03-BC1E-A58F924E9A0A}.Debug|Any CPU.ActiveCfg = Debug|Any CPU
		{FAA594FB-922A-4E03-BC1E-A58F924E9A0A}.Debug|Any CPU.Build.0 = Debug|Any CPU
		{FAA594FB-922A-4E03-BC1E-A58F924E9A0A}.Release|Any CPU.ActiveCfg = Release|Any CPU
		{FAA594FB-922A-4E03-BC1E-A58F924E9A0A}.Release|Any CPU.Build.0 = Release|Any CPU
		{4F61174D-926D-47D1-BE35-95D5FE85E748}.Debug|Any CPU.ActiveCfg = Debug|Any CPU
		{4F61174D-926D-47D1-BE35-95D5FE85E748}.Debug|Any CPU.Build.0 = Debug|Any CPU
		{4F61174D-926D-47D1-BE35-95D5FE85E748}.Release|Any CPU.ActiveCfg = Release|Any CPU
		{4F61174D-926D-47D1-BE35-95D5FE85E748}.Release|Any CPU.Build.0 = Release|Any CPU
		{03869DB1-6ADB-4CE6-91DB-2563D65B6395}.Debug|Any CPU.ActiveCfg = Debug|Any CPU
		{03869DB1-6ADB-4CE6-91DB-2563D65B6395}.Debug|Any CPU.Build.0 = Debug|Any CPU
		{03869DB1-6ADB-4CE6-91DB-2563D65B6395}.Release|Any CPU.ActiveCfg = Release|Any CPU
		{03869DB1-6ADB-4CE6-91DB-2563D65B6395}.Release|Any CPU.Build.0 = Release|Any CPU
		{7A3C4921-43B7-4B85-A0D5-EB891A6EC90D}.Debug|Any CPU.ActiveCfg = Debug|Any CPU
		{7A3C4921-43B7-4B85-A0D5-EB891A6EC90D}.Debug|Any CPU.Build.0 = Debug|Any CPU
		{7A3C4921-43B7-4B85-A0D5-EB891A6EC90D}.Release|Any CPU.ActiveCfg = Release|Any CPU
		{7A3C4921-43B7-4B85-A0D5-EB891A6EC90D}.Release|Any CPU.Build.0 = Release|Any CPU
		{DE45B88C-3F6B-4A4C-97AD-27F6ECAD969B}.Debug|Any CPU.ActiveCfg = Debug|Any CPU
		{DE45B88C-3F6B-4A4C-97AD-27F6ECAD969B}.Debug|Any CPU.Build.0 = Debug|Any CPU
		{DE45B88C-3F6B-4A4C-97AD-27F6ECAD969B}.Release|Any CPU.ActiveCfg = Release|Any CPU
		{DE45B88C-3F6B-4A4C-97AD-27F6ECAD969B}.Release|Any CPU.Build.0 = Release|Any CPU
		{A0A92BC4-8AE9-426B-AE7C-C682F26BBD3B}.Debug|Any CPU.ActiveCfg = Debug|Any CPU
		{A0A92BC4-8AE9-426B-AE7C-C682F26BBD3B}.Debug|Any CPU.Build.0 = Debug|Any CPU
		{A0A92BC4-8AE9-426B-AE7C-C682F26BBD3B}.Release|Any CPU.ActiveCfg = Release|Any CPU
		{A0A92BC4-8AE9-426B-AE7C-C682F26BBD3B}.Release|Any CPU.Build.0 = Release|Any CPU
		{34ABE096-1D56-4849-9C75-C173F706823F}.Debug|Any CPU.ActiveCfg = Debug|Any CPU
		{34ABE096-1D56-4849-9C75-C173F706823F}.Debug|Any CPU.Build.0 = Debug|Any CPU
		{34ABE096-1D56-4849-9C75-C173F706823F}.Release|Any CPU.ActiveCfg = Release|Any CPU
		{34ABE096-1D56-4849-9C75-C173F706823F}.Release|Any CPU.Build.0 = Release|Any CPU
		{F85C2AB1-BC60-4CD6-9B46-61E7CD87E15B}.Debug|Any CPU.ActiveCfg = Debug|Any CPU
		{F85C2AB1-BC60-4CD6-9B46-61E7CD87E15B}.Debug|Any CPU.Build.0 = Debug|Any CPU
		{F85C2AB1-BC60-4CD6-9B46-61E7CD87E15B}.Release|Any CPU.ActiveCfg = Release|Any CPU
		{F85C2AB1-BC60-4CD6-9B46-61E7CD87E15B}.Release|Any CPU.Build.0 = Release|Any CPU
		{7BE676B9-EADC-44AD-904E-5ED733D3B18A}.Debug|Any CPU.ActiveCfg = Debug|Any CPU
		{7BE676B9-EADC-44AD-904E-5ED733D3B18A}.Debug|Any CPU.Build.0 = Debug|Any CPU
		{7BE676B9-EADC-44AD-904E-5ED733D3B18A}.Release|Any CPU.ActiveCfg = Release|Any CPU
		{7BE676B9-EADC-44AD-904E-5ED733D3B18A}.Release|Any CPU.Build.0 = Release|Any CPU
		{47DD7278-3B58-496F-B282-C5CF478A2BFC}.Debug|Any CPU.ActiveCfg = Debug|Any CPU
		{47DD7278-3B58-496F-B282-C5CF478A2BFC}.Debug|Any CPU.Build.0 = Debug|Any CPU
		{47DD7278-3B58-496F-B282-C5CF478A2BFC}.Release|Any CPU.ActiveCfg = Release|Any CPU
		{47DD7278-3B58-496F-B282-C5CF478A2BFC}.Release|Any CPU.Build.0 = Release|Any CPU
		{5EF9DCD3-F8AB-45D4-95EA-3472D8455460}.Debug|Any CPU.ActiveCfg = Debug|Any CPU
		{5EF9DCD3-F8AB-45D4-95EA-3472D8455460}.Debug|Any CPU.Build.0 = Debug|Any CPU
		{5EF9DCD3-F8AB-45D4-95EA-3472D8455460}.Release|Any CPU.ActiveCfg = Release|Any CPU
		{5EF9DCD3-F8AB-45D4-95EA-3472D8455460}.Release|Any CPU.Build.0 = Release|Any CPU
		{FC22D7AF-D3A3-460F-B81F-D39F3E646D08}.Debug|Any CPU.ActiveCfg = Debug|Any CPU
		{FC22D7AF-D3A3-460F-B81F-D39F3E646D08}.Debug|Any CPU.Build.0 = Debug|Any CPU
		{FC22D7AF-D3A3-460F-B81F-D39F3E646D08}.Release|Any CPU.ActiveCfg = Release|Any CPU
		{FC22D7AF-D3A3-460F-B81F-D39F3E646D08}.Release|Any CPU.Build.0 = Release|Any CPU
		{4082758C-4065-4EF5-9C7D-F5B49929180E}.Debug|Any CPU.ActiveCfg = Debug|Any CPU
		{4082758C-4065-4EF5-9C7D-F5B49929180E}.Debug|Any CPU.Build.0 = Debug|Any CPU
		{4082758C-4065-4EF5-9C7D-F5B49929180E}.Release|Any CPU.ActiveCfg = Release|Any CPU
		{4082758C-4065-4EF5-9C7D-F5B49929180E}.Release|Any CPU.Build.0 = Release|Any CPU
		{E62AA4E9-8D53-481C-B974-6A044ABCA949}.Debug|Any CPU.ActiveCfg = Debug|Any CPU
		{E62AA4E9-8D53-481C-B974-6A044ABCA949}.Debug|Any CPU.Build.0 = Debug|Any CPU
		{63A39C22-96A6-41FF-B2D7-8AE9D1E77608}.Debug|Any CPU.ActiveCfg = Debug|Any CPU
		{63A39C22-96A6-41FF-B2D7-8AE9D1E77608}.Debug|Any CPU.Build.0 = Debug|Any CPU
		{B3BB3858-1FB5-4CB0-A483-068F8C3401E3}.Debug|Any CPU.ActiveCfg = Debug|Any CPU
		{B3BB3858-1FB5-4CB0-A483-068F8C3401E3}.Debug|Any CPU.Build.0 = Debug|Any CPU
		{87AE9DD3-7EE8-450C-B706-A240FF402ADD}.Debug|Any CPU.ActiveCfg = Debug|Any CPU
		{87AE9DD3-7EE8-450C-B706-A240FF402ADD}.Debug|Any CPU.Build.0 = Debug|Any CPU
		{9552C116-F994-477E-8A49-BC7B404772D4}.Debug|Any CPU.ActiveCfg = Debug|Any CPU
		{9552C116-F994-477E-8A49-BC7B404772D4}.Debug|Any CPU.Build.0 = Debug|Any CPU
		{9552C116-F994-477E-8A49-BC7B404772D4}.Release|Any CPU.ActiveCfg = Release|Any CPU
		{9552C116-F994-477E-8A49-BC7B404772D4}.Release|Any CPU.Build.0 = Release|Any CPU
		{B1DC57FD-3961-4A03-9BC5-1F3B28CA319E}.Debug|Any CPU.ActiveCfg = Debug|Any CPU
		{B1DC57FD-3961-4A03-9BC5-1F3B28CA319E}.Debug|Any CPU.Build.0 = Debug|Any CPU
		{B1DC57FD-3961-4A03-9BC5-1F3B28CA319E}.Release|Any CPU.ActiveCfg = Release|Any CPU
		{B1DC57FD-3961-4A03-9BC5-1F3B28CA319E}.Release|Any CPU.Build.0 = Release|Any CPU
		{9AF5DCDD-727C-4476-9EAF-7CD8B1132BC7}.Debug|Any CPU.ActiveCfg = Debug|Any CPU
		{9AF5DCDD-727C-4476-9EAF-7CD8B1132BC7}.Debug|Any CPU.Build.0 = Debug|Any CPU
		{9AF5DCDD-727C-4476-9EAF-7CD8B1132BC7}.Release|Any CPU.ActiveCfg = Release|Any CPU
		{9AF5DCDD-727C-4476-9EAF-7CD8B1132BC7}.Release|Any CPU.Build.0 = Release|Any CPU
		{C7C24919-DDD8-4F83-BADE-022BF0DBDB15}.Debug|Any CPU.ActiveCfg = Debug|Any CPU
		{C7C24919-DDD8-4F83-BADE-022BF0DBDB15}.Debug|Any CPU.Build.0 = Debug|Any CPU
		{C7C24919-DDD8-4F83-BADE-022BF0DBDB15}.Release|Any CPU.ActiveCfg = Release|Any CPU
		{C7C24919-DDD8-4F83-BADE-022BF0DBDB15}.Release|Any CPU.Build.0 = Release|Any CPU
		{E46F8747-1858-4905-8DBF-0BF19B4DFE4A}.Debug|Any CPU.ActiveCfg = Debug|Any CPU
		{E46F8747-1858-4905-8DBF-0BF19B4DFE4A}.Debug|Any CPU.Build.0 = Debug|Any CPU
		{E46F8747-1858-4905-8DBF-0BF19B4DFE4A}.Release|Any CPU.ActiveCfg = Release|Any CPU
		{E46F8747-1858-4905-8DBF-0BF19B4DFE4A}.Release|Any CPU.Build.0 = Release|Any CPU
		{B57D41BA-42B2-4B56-9353-CE7E8437DB90}.Debug|Any CPU.ActiveCfg = Debug|Any CPU
		{B57D41BA-42B2-4B56-9353-CE7E8437DB90}.Debug|Any CPU.Build.0 = Debug|Any CPU
		{B57D41BA-42B2-4B56-9353-CE7E8437DB90}.Release|Any CPU.ActiveCfg = Release|Any CPU
		{B57D41BA-42B2-4B56-9353-CE7E8437DB90}.Release|Any CPU.Build.0 = Release|Any CPU
		{67BDBF83-3CAA-4902-A476-0CD231193B8B}.Debug|Any CPU.ActiveCfg = Debug|Any CPU
		{67BDBF83-3CAA-4902-A476-0CD231193B8B}.Debug|Any CPU.Build.0 = Debug|Any CPU
		{67BDBF83-3CAA-4902-A476-0CD231193B8B}.Release|Any CPU.ActiveCfg = Release|Any CPU
		{67BDBF83-3CAA-4902-A476-0CD231193B8B}.Release|Any CPU.Build.0 = Release|Any CPU
		{3FEEA541-D41F-4F16-BE28-0FDBCA207426}.Debug|Any CPU.ActiveCfg = Debug|Any CPU
		{3FEEA541-D41F-4F16-BE28-0FDBCA207426}.Debug|Any CPU.Build.0 = Debug|Any CPU
		{3FEEA541-D41F-4F16-BE28-0FDBCA207426}.Release|Any CPU.ActiveCfg = Release|Any CPU
		{3FEEA541-D41F-4F16-BE28-0FDBCA207426}.Release|Any CPU.Build.0 = Release|Any CPU
		{30EC3BC9-D5AD-48EB-8FC8-43A561E2A7B1}.Debug|Any CPU.ActiveCfg = Debug|Any CPU
		{30EC3BC9-D5AD-48EB-8FC8-43A561E2A7B1}.Debug|Any CPU.Build.0 = Debug|Any CPU
		{30EC3BC9-D5AD-48EB-8FC8-43A561E2A7B1}.Release|Any CPU.ActiveCfg = Release|Any CPU
		{30EC3BC9-D5AD-48EB-8FC8-43A561E2A7B1}.Release|Any CPU.Build.0 = Release|Any CPU
	EndGlobalSection
	GlobalSection(NestedProjects) = preSolution
		{F85C2AB1-BC60-4CD6-9B46-61E7CD87E15B} = {0DDAEF3F-EE2A-4277-AF34-BF5A5F121B57}
		{7BE676B9-EADC-44AD-904E-5ED733D3B18A} = {0DDAEF3F-EE2A-4277-AF34-BF5A5F121B57}
		{03869DB1-6ADB-4CE6-91DB-2563D65B6395} = {0DDAEF3F-EE2A-4277-AF34-BF5A5F121B57}
		{47DD7278-3B58-496F-B282-C5CF478A2BFC} = {DA538FD9-B3A5-4283-908C-5C94D04EC40F}
		{5EF9DCD3-F8AB-45D4-95EA-3472D8455460} = {DA538FD9-B3A5-4283-908C-5C94D04EC40F}
		{A0A92BC4-8AE9-426B-AE7C-C682F26BBD3B} = {7C9B53CC-D8E1-42F4-AFA8-8CFBF30D4680}
		{8DD1D0DD-E20F-4F01-AFFB-7E223CE872AA} = {7C9B53CC-D8E1-42F4-AFA8-8CFBF30D4680}
		{DE45B88C-3F6B-4A4C-97AD-27F6ECAD969B} = {7C9B53CC-D8E1-42F4-AFA8-8CFBF30D4680}
		{34ABE096-1D56-4849-9C75-C173F706823F} = {C066E501-F29E-42FB-B3D5-A3FDCA9F7334}
		{FC22D7AF-D3A3-460F-B81F-D39F3E646D08} = {0DDAEF3F-EE2A-4277-AF34-BF5A5F121B57}
		{92B61538-D949-43A6-809E-33981F093F76} = {4E5FBBB4-6E21-4BB5-A96F-AEBB91E2A53A}
		{4082758C-4065-4EF5-9C7D-F5B49929180E} = {4E5FBBB4-6E21-4BB5-A96F-AEBB91E2A53A}
		{E62AA4E9-8D53-481C-B974-6A044ABCA949} = {C066E501-F29E-42FB-B3D5-A3FDCA9F7334}
		{63A39C22-96A6-41FF-B2D7-8AE9D1E77608} = {0B1F655C-79A5-4A4B-9F27-ADB2DDBA5C42}
		{B3BB3858-1FB5-4CB0-A483-068F8C3401E3} = {0B1F655C-79A5-4A4B-9F27-ADB2DDBA5C42}
		{87AE9DD3-7EE8-450C-B706-A240FF402ADD} = {0B1F655C-79A5-4A4B-9F27-ADB2DDBA5C42}
		{9552C116-F994-477E-8A49-BC7B404772D4} = {3E953E04-4892-4A65-8511-C2E2AD14E573}
		{B1DC57FD-3961-4A03-9BC5-1F3B28CA319E} = {3E953E04-4892-4A65-8511-C2E2AD14E573}
		{9AF5DCDD-727C-4476-9EAF-7CD8B1132BC7} = {3E953E04-4892-4A65-8511-C2E2AD14E573}
		{4F61174D-926D-47D1-BE35-95D5FE85E748} = {D74C0A99-878F-4293-A590-76917F872F28}
		{C7C24919-DDD8-4F83-BADE-022BF0DBDB15} = {D74C0A99-878F-4293-A590-76917F872F28}
		{E46F8747-1858-4905-8DBF-0BF19B4DFE4A} = {DA538FD9-B3A5-4283-908C-5C94D04EC40F}
		{67BDBF83-3CAA-4902-A476-0CD231193B8B} = {7C9B53CC-D8E1-42F4-AFA8-8CFBF30D4680}
		{3FEEA541-D41F-4F16-BE28-0FDBCA207426} = {DA538FD9-B3A5-4283-908C-5C94D04EC40F}
		{30EC3BC9-D5AD-48EB-8FC8-43A561E2A7B1} = {0DDAEF3F-EE2A-4277-AF34-BF5A5F121B57}
	EndGlobalSection
EndGlobal
